// !$*UTF8*$!
{
	archiveVersion = 1;
	classes = {
	};
	objectVersion = 46;
	objects = {

/* Begin PBXBuildFile section */
		BF2D44241AC33060009B3A29 /* XLSlidingContainerViewController.m in Sources */ = {isa = PBXBuildFile; fileRef = BF2D44231AC33060009B3A29 /* XLSlidingContainerViewController.m */; };
		BF2D44261AC33C18009B3A29 /* Exampledragview2.xib in Resources */ = {isa = PBXBuildFile; fileRef = BF2D44251AC33C18009B3A29 /* Exampledragview2.xib */; };
		BF3446DC1AC32BF500E4D2AE /* main.m in Sources */ = {isa = PBXBuildFile; fileRef = BF3446D61AC32BF500E4D2AE /* main.m */; };
		BF3446FC1AC32C0C00E4D2AE /* AppDelegate.m in Sources */ = {isa = PBXBuildFile; fileRef = BF3446E11AC32C0C00E4D2AE /* AppDelegate.m */; };
		BF3446FD1AC32C0C00E4D2AE /* CountryTableViewController.m in Sources */ = {isa = PBXBuildFile; fileRef = BF3446E41AC32C0C00E4D2AE /* CountryTableViewController.m */; };
		BF3446FE1AC32C0C00E4D2AE /* Exampledragview.xib in Resources */ = {isa = PBXBuildFile; fileRef = BF3446E51AC32C0C00E4D2AE /* Exampledragview.xib */; };
		BF3446FF1AC32C0C00E4D2AE /* HideUpperDataSource.m in Sources */ = {isa = PBXBuildFile; fileRef = BF3446E71AC32C0C00E4D2AE /* HideUpperDataSource.m */; };
		BF3447001AC32C0C00E4D2AE /* ImageViewController.m in Sources */ = {isa = PBXBuildFile; fileRef = BF3446E91AC32C0C00E4D2AE /* ImageViewController.m */; };
		BF3447011AC32C0C00E4D2AE /* SimpleNavigationController.m in Sources */ = {isa = PBXBuildFile; fileRef = BF3446EB1AC32C0C00E4D2AE /* SimpleNavigationController.m */; };
		BF3447021AC32C0C00E4D2AE /* Images.xcassets in Resources */ = {isa = PBXBuildFile; fileRef = BF3446EC1AC32C0C00E4D2AE /* Images.xcassets */; };
		BF3447031AC32C0C00E4D2AE /* CollectionViewController.m in Sources */ = {isa = PBXBuildFile; fileRef = BF3446EF1AC32C0C00E4D2AE /* CollectionViewController.m */; };
		BF3447041AC32C0C00E4D2AE /* CollectionViewLayout.m in Sources */ = {isa = PBXBuildFile; fileRef = BF3446F11AC32C0C00E4D2AE /* CollectionViewLayout.m */; };
		BF3447061AC32C0C00E4D2AE /* MyImageCollectionViewCell.m in Sources */ = {isa = PBXBuildFile; fileRef = BF3446F51AC32C0C00E4D2AE /* MyImageCollectionViewCell.m */; };
		BF3447071AC32C0C00E4D2AE /* MainTableViewController.m in Sources */ = {isa = PBXBuildFile; fileRef = BF3446F71AC32C0C00E4D2AE /* MainTableViewController.m */; };
		BF3447081AC32C0C00E4D2AE /* ScrollViewController.m in Sources */ = {isa = PBXBuildFile; fileRef = BF3446F91AC32C0C00E4D2AE /* ScrollViewController.m */; };
		BF3447091AC32C0C00E4D2AE /* Main.storyboard in Resources */ = {isa = PBXBuildFile; fileRef = BF3446FB1AC32C0C00E4D2AE /* Main.storyboard */; };
		BF34470B1AC32C6D00E4D2AE /* QuartzCore.framework in Frameworks */ = {isa = PBXBuildFile; fileRef = BF34470A1AC32C6D00E4D2AE /* QuartzCore.framework */; };
		DEE00D421AC46AE20063D687 /* InstagramViewController.m in Sources */ = {isa = PBXBuildFile; fileRef = DEE00D3C1AC46AE20063D687 /* InstagramViewController.m */; };
/* End PBXBuildFile section */

/* Begin PBXFileReference section */
		BF2D44231AC33060009B3A29 /* XLSlidingContainerViewController.m */ = {isa = PBXFileReference; fileEncoding = 4; lastKnownFileType = sourcecode.c.objc; path = XLSlidingContainerViewController.m; sourceTree = "<group>"; };
		BF2D44251AC33C18009B3A29 /* Exampledragview2.xib */ = {isa = PBXFileReference; fileEncoding = 4; lastKnownFileType = file.xib; path = Exampledragview2.xib; sourceTree = "<group>"; };
		BF3446A91AC32B7900E4D2AE /* XLSlidingContainer.app */ = {isa = PBXFileReference; explicitFileType = wrapper.application; includeInIndex = 0; path = XLSlidingContainer.app; sourceTree = BUILT_PRODUCTS_DIR; };
		BF3446D51AC32BF500E4D2AE /* Info.plist */ = {isa = PBXFileReference; fileEncoding = 4; lastKnownFileType = text.plist.xml; path = Info.plist; sourceTree = "<group>"; };
		BF3446D61AC32BF500E4D2AE /* main.m */ = {isa = PBXFileReference; fileEncoding = 4; lastKnownFileType = sourcecode.c.objc; path = main.m; sourceTree = "<group>"; };
		BF3446E01AC32C0C00E4D2AE /* AppDelegate.h */ = {isa = PBXFileReference; fileEncoding = 4; lastKnownFileType = sourcecode.c.h; path = AppDelegate.h; sourceTree = "<group>"; };
		BF3446E11AC32C0C00E4D2AE /* AppDelegate.m */ = {isa = PBXFileReference; fileEncoding = 4; lastKnownFileType = sourcecode.c.objc; path = AppDelegate.m; sourceTree = "<group>"; };
		BF3446E31AC32C0C00E4D2AE /* CountryTableViewController.h */ = {isa = PBXFileReference; fileEncoding = 4; lastKnownFileType = sourcecode.c.h; path = CountryTableViewController.h; sourceTree = "<group>"; };
		BF3446E41AC32C0C00E4D2AE /* CountryTableViewController.m */ = {isa = PBXFileReference; fileEncoding = 4; lastKnownFileType = sourcecode.c.objc; path = CountryTableViewController.m; sourceTree = "<group>"; };
		BF3446E51AC32C0C00E4D2AE /* Exampledragview.xib */ = {isa = PBXFileReference; fileEncoding = 4; lastKnownFileType = file.xib; path = Exampledragview.xib; sourceTree = "<group>"; };
		BF3446E61AC32C0C00E4D2AE /* HideUpperDataSource.h */ = {isa = PBXFileReference; fileEncoding = 4; lastKnownFileType = sourcecode.c.h; path = HideUpperDataSource.h; sourceTree = "<group>"; };
		BF3446E71AC32C0C00E4D2AE /* HideUpperDataSource.m */ = {isa = PBXFileReference; fileEncoding = 4; lastKnownFileType = sourcecode.c.objc; path = HideUpperDataSource.m; sourceTree = "<group>"; };
		BF3446E81AC32C0C00E4D2AE /* ImageViewController.h */ = {isa = PBXFileReference; fileEncoding = 4; lastKnownFileType = sourcecode.c.h; path = ImageViewController.h; sourceTree = "<group>"; };
		BF3446E91AC32C0C00E4D2AE /* ImageViewController.m */ = {isa = PBXFileReference; fileEncoding = 4; lastKnownFileType = sourcecode.c.objc; path = ImageViewController.m; sourceTree = "<group>"; };
		BF3446EA1AC32C0C00E4D2AE /* SimpleNavigationController.h */ = {isa = PBXFileReference; fileEncoding = 4; lastKnownFileType = sourcecode.c.h; path = SimpleNavigationController.h; sourceTree = "<group>"; };
		BF3446EB1AC32C0C00E4D2AE /* SimpleNavigationController.m */ = {isa = PBXFileReference; fileEncoding = 4; lastKnownFileType = sourcecode.c.objc; path = SimpleNavigationController.m; sourceTree = "<group>"; };
		BF3446EC1AC32C0C00E4D2AE /* Images.xcassets */ = {isa = PBXFileReference; lastKnownFileType = folder.assetcatalog; path = Images.xcassets; sourceTree = "<group>"; };
		BF3446EE1AC32C0C00E4D2AE /* CollectionViewController.h */ = {isa = PBXFileReference; fileEncoding = 4; lastKnownFileType = sourcecode.c.h; path = CollectionViewController.h; sourceTree = "<group>"; };
		BF3446EF1AC32C0C00E4D2AE /* CollectionViewController.m */ = {isa = PBXFileReference; fileEncoding = 4; lastKnownFileType = sourcecode.c.objc; path = CollectionViewController.m; sourceTree = "<group>"; };
		BF3446F01AC32C0C00E4D2AE /* CollectionViewLayout.h */ = {isa = PBXFileReference; fileEncoding = 4; lastKnownFileType = sourcecode.c.h; path = CollectionViewLayout.h; sourceTree = "<group>"; };
		BF3446F11AC32C0C00E4D2AE /* CollectionViewLayout.m */ = {isa = PBXFileReference; fileEncoding = 4; lastKnownFileType = sourcecode.c.objc; path = CollectionViewLayout.m; sourceTree = "<group>"; };
		BF3446F41AC32C0C00E4D2AE /* MyImageCollectionViewCell.h */ = {isa = PBXFileReference; fileEncoding = 4; lastKnownFileType = sourcecode.c.h; path = MyImageCollectionViewCell.h; sourceTree = "<group>"; };
		BF3446F51AC32C0C00E4D2AE /* MyImageCollectionViewCell.m */ = {isa = PBXFileReference; fileEncoding = 4; lastKnownFileType = sourcecode.c.objc; path = MyImageCollectionViewCell.m; sourceTree = "<group>"; };
		BF3446F61AC32C0C00E4D2AE /* MainTableViewController.h */ = {isa = PBXFileReference; fileEncoding = 4; lastKnownFileType = sourcecode.c.h; path = MainTableViewController.h; sourceTree = "<group>"; };
		BF3446F71AC32C0C00E4D2AE /* MainTableViewController.m */ = {isa = PBXFileReference; fileEncoding = 4; lastKnownFileType = sourcecode.c.objc; path = MainTableViewController.m; sourceTree = "<group>"; };
		BF3446F81AC32C0C00E4D2AE /* ScrollViewController.h */ = {isa = PBXFileReference; fileEncoding = 4; lastKnownFileType = sourcecode.c.h; path = ScrollViewController.h; sourceTree = "<group>"; };
		BF3446F91AC32C0C00E4D2AE /* ScrollViewController.m */ = {isa = PBXFileReference; fileEncoding = 4; lastKnownFileType = sourcecode.c.objc; path = ScrollViewController.m; sourceTree = "<group>"; };
		BF3446FB1AC32C0C00E4D2AE /* Main.storyboard */ = {isa = PBXFileReference; fileEncoding = 4; lastKnownFileType = file.storyboard; path = Main.storyboard; sourceTree = "<group>"; };
		BF34470A1AC32C6D00E4D2AE /* QuartzCore.framework */ = {isa = PBXFileReference; lastKnownFileType = wrapper.framework; name = QuartzCore.framework; path = System/Library/Frameworks/QuartzCore.framework; sourceTree = SDKROOT; };
		DEE00D3B1AC46AE20063D687 /* InstagramViewController.h */ = {isa = PBXFileReference; fileEncoding = 4; lastKnownFileType = sourcecode.c.h; path = InstagramViewController.h; sourceTree = "<group>"; };
		DEE00D3C1AC46AE20063D687 /* InstagramViewController.m */ = {isa = PBXFileReference; fileEncoding = 4; lastKnownFileType = sourcecode.c.objc; path = InstagramViewController.m; sourceTree = "<group>"; };
		DEE00D451AC471A40063D687 /* XLSlidingContainerViewController.h */ = {isa = PBXFileReference; fileEncoding = 4; lastKnownFileType = sourcecode.c.h; path = XLSlidingContainerViewController.h; sourceTree = "<group>"; };
/* End PBXFileReference section */

/* Begin PBXFrameworksBuildPhase section */
		BF3446A61AC32B7900E4D2AE /* Frameworks */ = {
			isa = PBXFrameworksBuildPhase;
			buildActionMask = 2147483647;
			files = (
				BF34470B1AC32C6D00E4D2AE /* QuartzCore.framework in Frameworks */,
			);
			runOnlyForDeploymentPostprocessing = 0;
		};
/* End PBXFrameworksBuildPhase section */

/* Begin PBXGroup section */
		BF2D44211AC33060009B3A29 /* XLSlidingContainer */ = {
			isa = PBXGroup;
			children = (
				DEE00D451AC471A40063D687 /* XLSlidingContainerViewController.h */,
				BF2D44231AC33060009B3A29 /* XLSlidingContainerViewController.m */,
			);
			name = XLSlidingContainer;
			path = ../XLSlidingContainer;
			sourceTree = "<group>";
		};
		BF3446A01AC32B7900E4D2AE = {
			isa = PBXGroup;
			children = (
				BF2D44211AC33060009B3A29 /* XLSlidingContainer */,
				BF3446DF1AC32C0C00E4D2AE /* Examples */,
				BF34470A1AC32C6D00E4D2AE /* QuartzCore.framework */,
				BF3446AB1AC32B7900E4D2AE /* XLSlidingContainer */,
				BF3446AA1AC32B7900E4D2AE /* Products */,
			);
			sourceTree = "<group>";
		};
		BF3446AA1AC32B7900E4D2AE /* Products */ = {
			isa = PBXGroup;
			children = (
				BF3446A91AC32B7900E4D2AE /* XLSlidingContainer.app */,
			);
			name = Products;
			sourceTree = "<group>";
		};
		BF3446AB1AC32B7900E4D2AE /* XLSlidingContainer */ = {
			isa = PBXGroup;
			children = (
				BF3446D51AC32BF500E4D2AE /* Info.plist */,
				BF3446D61AC32BF500E4D2AE /* main.m */,
				BF3446AC1AC32B7900E4D2AE /* Supporting Files */,
			);
			path = XLSlidingContainer;
			sourceTree = "<group>";
		};
		BF3446AC1AC32B7900E4D2AE /* Supporting Files */ = {
			isa = PBXGroup;
			children = (
			);
			name = "Supporting Files";
			sourceTree = "<group>";
		};
		BF3446DF1AC32C0C00E4D2AE /* Examples */ = {
			isa = PBXGroup;
			children = (
				BF3446E01AC32C0C00E4D2AE /* AppDelegate.h */,
				BF3446E11AC32C0C00E4D2AE /* AppDelegate.m */,
				BF3446E21AC32C0C00E4D2AE /* HideUpper */,
				BF3446EC1AC32C0C00E4D2AE /* Images.xcassets */,
				BF3446ED1AC32C0C00E4D2AE /* IntagramLike */,
				BF3446F61AC32C0C00E4D2AE /* MainTableViewController.h */,
				BF3446F71AC32C0C00E4D2AE /* MainTableViewController.m */,
				BF3446F81AC32C0C00E4D2AE /* ScrollViewController.h */,
				BF3446F91AC32C0C00E4D2AE /* ScrollViewController.m */,
				BF3446FA1AC32C0C00E4D2AE /* StoryBoard */,
			);
			path = Examples;
			sourceTree = SOURCE_ROOT;
		};
		BF3446E21AC32C0C00E4D2AE /* HideUpper */ = {
			isa = PBXGroup;
			children = (
				BF3446E31AC32C0C00E4D2AE /* CountryTableViewController.h */,
				BF3446E41AC32C0C00E4D2AE /* CountryTableViewController.m */,
				BF3446E51AC32C0C00E4D2AE /* Exampledragview.xib */,
				BF3446E61AC32C0C00E4D2AE /* HideUpperDataSource.h */,
				BF3446E71AC32C0C00E4D2AE /* HideUpperDataSource.m */,
				BF3446E81AC32C0C00E4D2AE /* ImageViewController.h */,
				BF3446E91AC32C0C00E4D2AE /* ImageViewController.m */,
				BF3446EA1AC32C0C00E4D2AE /* SimpleNavigationController.h */,
				BF3446EB1AC32C0C00E4D2AE /* SimpleNavigationController.m */,
			);
			path = HideUpper;
			sourceTree = "<group>";
		};
		BF3446ED1AC32C0C00E4D2AE /* IntagramLike */ = {
			isa = PBXGroup;
			children = (
				DEE00D3B1AC46AE20063D687 /* InstagramViewController.h */,
				DEE00D3C1AC46AE20063D687 /* InstagramViewController.m */,
				BF2D44251AC33C18009B3A29 /* Exampledragview2.xib */,
				BF3446EE1AC32C0C00E4D2AE /* CollectionViewController.h */,
				BF3446EF1AC32C0C00E4D2AE /* CollectionViewController.m */,
				BF3446F01AC32C0C00E4D2AE /* CollectionViewLayout.h */,
				BF3446F11AC32C0C00E4D2AE /* CollectionViewLayout.m */,
				BF3446F41AC32C0C00E4D2AE /* MyImageCollectionViewCell.h */,
				BF3446F51AC32C0C00E4D2AE /* MyImageCollectionViewCell.m */,
			);
			path = IntagramLike;
			sourceTree = "<group>";
		};
		BF3446FA1AC32C0C00E4D2AE /* StoryBoard */ = {
			isa = PBXGroup;
			children = (
				BF3446FB1AC32C0C00E4D2AE /* Main.storyboard */,
			);
			path = StoryBoard;
			sourceTree = "<group>";
		};
/* End PBXGroup section */

/* Begin PBXNativeTarget section */
		BF3446A81AC32B7900E4D2AE /* XLSlidingContainer */ = {
			isa = PBXNativeTarget;
			buildConfigurationList = BF3446CC1AC32B7900E4D2AE /* Build configuration list for PBXNativeTarget "XLSlidingContainer" */;
			buildPhases = (
				BF3446A51AC32B7900E4D2AE /* Sources */,
				BF3446A61AC32B7900E4D2AE /* Frameworks */,
				BF3446A71AC32B7900E4D2AE /* Resources */,
			);
			buildRules = (
			);
			dependencies = (
			);
			name = XLSlidingContainer;
			productName = XLSlidingContainer;
			productReference = BF3446A91AC32B7900E4D2AE /* XLSlidingContainer.app */;
			productType = "com.apple.product-type.application";
		};
/* End PBXNativeTarget section */

/* Begin PBXProject section */
		BF3446A11AC32B7900E4D2AE /* Project object */ = {
			isa = PBXProject;
			attributes = {
				LastUpgradeCheck = 0610;
				ORGANIZATIONNAME = Xmartlabs;
				TargetAttributes = {
					BF3446A81AC32B7900E4D2AE = {
						CreatedOnToolsVersion = 6.1.1;
						DevelopmentTeam = 6F2G55XL63;
					};
				};
			};
			buildConfigurationList = BF3446A41AC32B7900E4D2AE /* Build configuration list for PBXProject "XLSlidingContainer" */;
			compatibilityVersion = "Xcode 3.2";
			developmentRegion = English;
			hasScannedForEncodings = 0;
			knownRegions = (
				en,
				Base,
			);
			mainGroup = BF3446A01AC32B7900E4D2AE;
			productRefGroup = BF3446AA1AC32B7900E4D2AE /* Products */;
			projectDirPath = "";
			projectRoot = "";
			targets = (
				BF3446A81AC32B7900E4D2AE /* XLSlidingContainer */,
			);
		};
/* End PBXProject section */

/* Begin PBXResourcesBuildPhase section */
		BF3446A71AC32B7900E4D2AE /* Resources */ = {
			isa = PBXResourcesBuildPhase;
			buildActionMask = 2147483647;
			files = (
				BF2D44261AC33C18009B3A29 /* Exampledragview2.xib in Resources */,
				BF3447021AC32C0C00E4D2AE /* Images.xcassets in Resources */,
				BF3446FE1AC32C0C00E4D2AE /* Exampledragview.xib in Resources */,
				BF3447091AC32C0C00E4D2AE /* Main.storyboard in Resources */,
			);
			runOnlyForDeploymentPostprocessing = 0;
		};
/* End PBXResourcesBuildPhase section */

/* Begin PBXSourcesBuildPhase section */
		BF3446A51AC32B7900E4D2AE /* Sources */ = {
			isa = PBXSourcesBuildPhase;
			buildActionMask = 2147483647;
			files = (
				BF3447031AC32C0C00E4D2AE /* CollectionViewController.m in Sources */,
				BF3447081AC32C0C00E4D2AE /* ScrollViewController.m in Sources */,
				BF3447041AC32C0C00E4D2AE /* CollectionViewLayout.m in Sources */,
				BF3447001AC32C0C00E4D2AE /* ImageViewController.m in Sources */,
				BF2D44241AC33060009B3A29 /* XLSlidingContainerViewController.m in Sources */,
				BF3446DC1AC32BF500E4D2AE /* main.m in Sources */,
				BF3447061AC32C0C00E4D2AE /* MyImageCollectionViewCell.m in Sources */,
				DEE00D421AC46AE20063D687 /* InstagramViewController.m in Sources */,
				BF3447011AC32C0C00E4D2AE /* SimpleNavigationController.m in Sources */,
				BF3447071AC32C0C00E4D2AE /* MainTableViewController.m in Sources */,
				BF3446FD1AC32C0C00E4D2AE /* CountryTableViewController.m in Sources */,
				BF3446FC1AC32C0C00E4D2AE /* AppDelegate.m in Sources */,
				BF3446FF1AC32C0C00E4D2AE /* HideUpperDataSource.m in Sources */,
			);
			runOnlyForDeploymentPostprocessing = 0;
		};
/* End PBXSourcesBuildPhase section */

/* Begin XCBuildConfiguration section */
		BF3446CA1AC32B7900E4D2AE /* Debug */ = {
			isa = XCBuildConfiguration;
			buildSettings = {
				ALWAYS_SEARCH_USER_PATHS = NO;
				CLANG_CXX_LANGUAGE_STANDARD = "gnu++0x";
				CLANG_CXX_LIBRARY = "libc++";
				CLANG_ENABLE_MODULES = YES;
				CLANG_ENABLE_OBJC_ARC = YES;
				CLANG_WARN_BOOL_CONVERSION = YES;
				CLANG_WARN_CONSTANT_CONVERSION = YES;
				CLANG_WARN_DIRECT_OBJC_ISA_USAGE = YES_ERROR;
				CLANG_WARN_EMPTY_BODY = YES;
				CLANG_WARN_ENUM_CONVERSION = YES;
				CLANG_WARN_INT_CONVERSION = YES;
				CLANG_WARN_OBJC_ROOT_CLASS = YES_ERROR;
				CLANG_WARN_UNREACHABLE_CODE = YES;
				CLANG_WARN__DUPLICATE_METHOD_MATCH = YES;
				"CODE_SIGN_IDENTITY[sdk=iphoneos*]" = "iPhone Developer";
				COPY_PHASE_STRIP = NO;
				ENABLE_STRICT_OBJC_MSGSEND = YES;
				GCC_C_LANGUAGE_STANDARD = gnu99;
				GCC_DYNAMIC_NO_PIC = NO;
				GCC_OPTIMIZATION_LEVEL = 0;
				GCC_PREPROCESSOR_DEFINITIONS = (
					"DEBUG=1",
					"$(inherited)",
				);
				GCC_SYMBOLS_PRIVATE_EXTERN = NO;
				GCC_WARN_64_TO_32_BIT_CONVERSION = YES;
				GCC_WARN_ABOUT_RETURN_TYPE = YES_ERROR;
				GCC_WARN_UNDECLARED_SELECTOR = YES;
				GCC_WARN_UNINITIALIZED_AUTOS = YES_AGGRESSIVE;
				GCC_WARN_UNUSED_FUNCTION = YES;
				GCC_WARN_UNUSED_VARIABLE = YES;
				IPHONEOS_DEPLOYMENT_TARGET = 8.1;
				MTL_ENABLE_DEBUG_INFO = YES;
				ONLY_ACTIVE_ARCH = YES;
				SDKROOT = iphoneos;
				TARGETED_DEVICE_FAMILY = "1,2";
			};
			name = Debug;
		};
		BF3446CB1AC32B7900E4D2AE /* Release */ = {
			isa = XCBuildConfiguration;
			buildSettings = {
				ALWAYS_SEARCH_USER_PATHS = NO;
				CLANG_CXX_LANGUAGE_STANDARD = "gnu++0x";
				CLANG_CXX_LIBRARY = "libc++";
				CLANG_ENABLE_MODULES = YES;
				CLANG_ENABLE_OBJC_ARC = YES;
				CLANG_WARN_BOOL_CONVERSION = YES;
				CLANG_WARN_CONSTANT_CONVERSION = YES;
				CLANG_WARN_DIRECT_OBJC_ISA_USAGE = YES_ERROR;
				CLANG_WARN_EMPTY_BODY = YES;
				CLANG_WARN_ENUM_CONVERSION = YES;
				CLANG_WARN_INT_CONVERSION = YES;
				CLANG_WARN_OBJC_ROOT_CLASS = YES_ERROR;
				CLANG_WARN_UNREACHABLE_CODE = YES;
				CLANG_WARN__DUPLICATE_METHOD_MATCH = YES;
				"CODE_SIGN_IDENTITY[sdk=iphoneos*]" = "iPhone Developer";
				COPY_PHASE_STRIP = YES;
				ENABLE_NS_ASSERTIONS = NO;
				ENABLE_STRICT_OBJC_MSGSEND = YES;
				GCC_C_LANGUAGE_STANDARD = gnu99;
				GCC_WARN_64_TO_32_BIT_CONVERSION = YES;
				GCC_WARN_ABOUT_RETURN_TYPE = YES_ERROR;
				GCC_WARN_UNDECLARED_SELECTOR = YES;
				GCC_WARN_UNINITIALIZED_AUTOS = YES_AGGRESSIVE;
				GCC_WARN_UNUSED_FUNCTION = YES;
				GCC_WARN_UNUSED_VARIABLE = YES;
				IPHONEOS_DEPLOYMENT_TARGET = 8.1;
				MTL_ENABLE_DEBUG_INFO = NO;
				SDKROOT = iphoneos;
				TARGETED_DEVICE_FAMILY = "1,2";
				VALIDATE_PRODUCT = YES;
			};
			name = Release;
		};
		BF3446CD1AC32B7900E4D2AE /* Debug */ = {
			isa = XCBuildConfiguration;
			buildSettings = {
				ASSETCATALOG_COMPILER_APPICON_NAME = AppIcon;
				ASSETCATALOG_COMPILER_LAUNCHIMAGE_NAME = LaunchImage;
				CODE_SIGN_IDENTITY = "iPhone Developer";
				"CODE_SIGN_IDENTITY[sdk=iphoneos*]" = "iPhone Developer";
				INFOPLIST_FILE = XLSlidingContainer/Info.plist;
				LD_RUNPATH_SEARCH_PATHS = "$(inherited) @executable_path/Frameworks";
				PRODUCT_NAME = "$(TARGET_NAME)";
				PROVISIONING_PROFILE = "";
			};
			name = Debug;
		};
		BF3446CE1AC32B7900E4D2AE /* Release */ = {
			isa = XCBuildConfiguration;
			buildSettings = {
				ASSETCATALOG_COMPILER_APPICON_NAME = AppIcon;
				ASSETCATALOG_COMPILER_LAUNCHIMAGE_NAME = LaunchImage;
				CODE_SIGN_IDENTITY = "iPhone Developer";
				"CODE_SIGN_IDENTITY[sdk=iphoneos*]" = "iPhone Developer";
				INFOPLIST_FILE = XLSlidingContainer/Info.plist;
				LD_RUNPATH_SEARCH_PATHS = "$(inherited) @executable_path/Frameworks";
				PRODUCT_NAME = "$(TARGET_NAME)";
				PROVISIONING_PROFILE = "";
			};
			name = Release;
		};
/* End XCBuildConfiguration section */

/* Begin XCConfigurationList section */
		BF3446A41AC32B7900E4D2AE /* Build configuration list for PBXProject "XLSlidingContainer" */ = {
			isa = XCConfigurationList;
			buildConfigurations = (
				BF3446CA1AC32B7900E4D2AE /* Debug */,
				BF3446CB1AC32B7900E4D2AE /* Release */,
			);
			defaultConfigurationIsVisible = 0;
			defaultConfigurationName = Release;
		};
		BF3446CC1AC32B7900E4D2AE /* Build configuration list for PBXNativeTarget "XLSlidingContainer" */ = {
			isa = XCConfigurationList;
			buildConfigurations = (
				BF3446CD1AC32B7900E4D2AE /* Debug */,
				BF3446CE1AC32B7900E4D2AE /* Release */,
			);
			defaultConfigurationIsVisible = 0;
			defaultConfigurationName = Release;
		};
/* End XCConfigurationList section */
	};
	rootObject = BF3446A11AC32B7900E4D2AE /* Project object */;
}
