// !$*UTF8*$!
{
	archiveVersion = 1;
	classes = {
	};
	objectVersion = 46;
	objects = {

/* Begin PBXBuildFile section */
		BFA0CBB41B7D2EE600CC8AE8 /* AppDelegate.swift in Sources */ = {isa = PBXBuildFile; fileRef = BFA0CBB31B7D2EE600CC8AE8 /* AppDelegate.swift */; };
		BFA0CBBB1B7D2EE600CC8AE8 /* Images.xcassets in Resources */ = {isa = PBXBuildFile; fileRef = BFA0CBBA1B7D2EE600CC8AE8 /* Images.xcassets */; };
		BFA0CBBE1B7D2EE600CC8AE8 /* LaunchScreen.xib in Resources */ = {isa = PBXBuildFile; fileRef = BFA0CBBC1B7D2EE600CC8AE8 /* LaunchScreen.xib */; };
		BFA0CBCA1B7D2EE600CC8AE8 /* SwiftExampleTests.swift in Sources */ = {isa = PBXBuildFile; fileRef = BFA0CBC91B7D2EE600CC8AE8 /* SwiftExampleTests.swift */; };
		BFA0CBDA1B7D2F6000CC8AE8 /* CollectionViewController.swift in Sources */ = {isa = PBXBuildFile; fileRef = BFA0CBD31B7D2F6000CC8AE8 /* CollectionViewController.swift */; };
		BFA0CBDC1B7D2F6000CC8AE8 /* MainController.swift in Sources */ = {isa = PBXBuildFile; fileRef = BFA0CBD51B7D2F6000CC8AE8 /* MainController.swift */; };
		BFA0CBDD1B7D2F6000CC8AE8 /* MyImageCollectionViewCell.swift in Sources */ = {isa = PBXBuildFile; fileRef = BFA0CBD61B7D2F6000CC8AE8 /* MyImageCollectionViewCell.swift */; };
		BFA0CBDF1B7D2F6000CC8AE8 /* ScrollViewController.swift in Sources */ = {isa = PBXBuildFile; fileRef = BFA0CBD81B7D2F6000CC8AE8 /* ScrollViewController.swift */; };
		BFA0CBE31B7D2F9500CC8AE8 /* XLSlidingContainerViewController.m in Sources */ = {isa = PBXBuildFile; fileRef = BFA0CBE21B7D2F9500CC8AE8 /* XLSlidingContainerViewController.m */; };
		BFA0CBE61B7D31FE00CC8AE8 /* Main.storyboard in Resources */ = {isa = PBXBuildFile; fileRef = BFA0CBE41B7D31FE00CC8AE8 /* Main.storyboard */; };
		BFA0CBEB1B7D35AA00CC8AE8 /* DragView2.xib in Resources */ = {isa = PBXBuildFile; fileRef = BFA0CBEA1B7D35AA00CC8AE8 /* DragView2.xib */; };
/* End PBXBuildFile section */

/* Begin PBXContainerItemProxy section */
		BFA0CBC41B7D2EE600CC8AE8 /* PBXContainerItemProxy */ = {
			isa = PBXContainerItemProxy;
			containerPortal = BFA0CBA61B7D2EE500CC8AE8 /* Project object */;
			proxyType = 1;
			remoteGlobalIDString = BFA0CBAD1B7D2EE600CC8AE8;
			remoteInfo = SwiftExample;
		};
/* End PBXContainerItemProxy section */

/* Begin PBXFileReference section */
		BFA0CBAE1B7D2EE600CC8AE8 /* SwiftExample.app */ = {isa = PBXFileReference; explicitFileType = wrapper.application; includeInIndex = 0; path = SwiftExample.app; sourceTree = BUILT_PRODUCTS_DIR; };
		BFA0CBB21B7D2EE600CC8AE8 /* Info.plist */ = {isa = PBXFileReference; lastKnownFileType = text.plist.xml; path = Info.plist; sourceTree = "<group>"; };
		BFA0CBB31B7D2EE600CC8AE8 /* AppDelegate.swift */ = {isa = PBXFileReference; lastKnownFileType = sourcecode.swift; path = AppDelegate.swift; sourceTree = "<group>"; };
		BFA0CBBA1B7D2EE600CC8AE8 /* Images.xcassets */ = {isa = PBXFileReference; lastKnownFileType = folder.assetcatalog; path = Images.xcassets; sourceTree = "<group>"; };
		BFA0CBBD1B7D2EE600CC8AE8 /* Base */ = {isa = PBXFileReference; lastKnownFileType = file.xib; name = Base; path = Base.lproj/LaunchScreen.xib; sourceTree = "<group>"; };
		BFA0CBC31B7D2EE600CC8AE8 /* SwiftExampleTests.xctest */ = {isa = PBXFileReference; explicitFileType = wrapper.cfbundle; includeInIndex = 0; path = SwiftExampleTests.xctest; sourceTree = BUILT_PRODUCTS_DIR; };
		BFA0CBC81B7D2EE600CC8AE8 /* Info.plist */ = {isa = PBXFileReference; lastKnownFileType = text.plist.xml; path = Info.plist; sourceTree = "<group>"; };
		BFA0CBC91B7D2EE600CC8AE8 /* SwiftExampleTests.swift */ = {isa = PBXFileReference; lastKnownFileType = sourcecode.swift; path = SwiftExampleTests.swift; sourceTree = "<group>"; };
		BFA0CBD31B7D2F6000CC8AE8 /* CollectionViewController.swift */ = {isa = PBXFileReference; fileEncoding = 4; lastKnownFileType = sourcecode.swift; path = CollectionViewController.swift; sourceTree = "<group>"; };
		BFA0CBD51B7D2F6000CC8AE8 /* MainController.swift */ = {isa = PBXFileReference; fileEncoding = 4; lastKnownFileType = sourcecode.swift; path = MainController.swift; sourceTree = "<group>"; };
		BFA0CBD61B7D2F6000CC8AE8 /* MyImageCollectionViewCell.swift */ = {isa = PBXFileReference; fileEncoding = 4; lastKnownFileType = sourcecode.swift; path = MyImageCollectionViewCell.swift; sourceTree = "<group>"; };
		BFA0CBD81B7D2F6000CC8AE8 /* ScrollViewController.swift */ = {isa = PBXFileReference; fileEncoding = 4; lastKnownFileType = sourcecode.swift; path = ScrollViewController.swift; sourceTree = "<group>"; };
		BFA0CBE01B7D2F9500CC8AE8 /* SwiftExample-Bridging-Header.h */ = {isa = PBXFileReference; lastKnownFileType = sourcecode.c.h; path = "SwiftExample-Bridging-Header.h"; sourceTree = "<group>"; };
		BFA0CBE11B7D2F9500CC8AE8 /* XLSlidingContainerViewController.h */ = {isa = PBXFileReference; fileEncoding = 4; lastKnownFileType = sourcecode.c.h; name = XLSlidingContainerViewController.h; path = ../../XLSlidingContainer/XLSlidingContainerViewController.h; sourceTree = "<group>"; };
		BFA0CBE21B7D2F9500CC8AE8 /* XLSlidingContainerViewController.m */ = {isa = PBXFileReference; fileEncoding = 4; lastKnownFileType = sourcecode.c.objc; name = XLSlidingContainerViewController.m; path = ../../XLSlidingContainer/XLSlidingContainerViewController.m; sourceTree = "<group>"; };
		BFA0CBE51B7D31FE00CC8AE8 /* Base */ = {isa = PBXFileReference; lastKnownFileType = file.storyboard; name = Base; path = SwiftExample/Base.lproj/Main.storyboard; sourceTree = "<group>"; };
		BFA0CBEA1B7D35AA00CC8AE8 /* DragView2.xib */ = {isa = PBXFileReference; fileEncoding = 4; lastKnownFileType = file.xib; name = DragView2.xib; path = ../../ObjectiveCExample/Examples/IntagramLike/DragView2.xib; sourceTree = "<group>"; };
/* End PBXFileReference section */

/* Begin PBXFrameworksBuildPhase section */
		BFA0CBAB1B7D2EE600CC8AE8 /* Frameworks */ = {
			isa = PBXFrameworksBuildPhase;
			buildActionMask = 2147483647;
			files = (
			);
			runOnlyForDeploymentPostprocessing = 0;
		};
		BFA0CBC01B7D2EE600CC8AE8 /* Frameworks */ = {
			isa = PBXFrameworksBuildPhase;
			buildActionMask = 2147483647;
			files = (
			);
			runOnlyForDeploymentPostprocessing = 0;
		};
/* End PBXFrameworksBuildPhase section */

/* Begin PBXGroup section */
		BFA0CBA51B7D2EE500CC8AE8 = {
			isa = PBXGroup;
			children = (
				BFA0CBE71B7D338300CC8AE8 /* XLSlidingContainer */,
				BFA0CBB01B7D2EE600CC8AE8 /* SwiftExample */,
				BFA0CBC61B7D2EE600CC8AE8 /* SwiftExampleTests */,
				BFA0CBAF1B7D2EE600CC8AE8 /* Products */,
			);
			sourceTree = "<group>";
		};
		BFA0CBAF1B7D2EE600CC8AE8 /* Products */ = {
			isa = PBXGroup;
			children = (
				BFA0CBAE1B7D2EE600CC8AE8 /* SwiftExample.app */,
				BFA0CBC31B7D2EE600CC8AE8 /* SwiftExampleTests.xctest */,
			);
			name = Products;
			sourceTree = "<group>";
		};
		BFA0CBB01B7D2EE600CC8AE8 /* SwiftExample */ = {
			isa = PBXGroup;
			children = (
				BFA0CBD51B7D2F6000CC8AE8 /* MainController.swift */,
				BFA0CBD31B7D2F6000CC8AE8 /* CollectionViewController.swift */,
				BFA0CBD81B7D2F6000CC8AE8 /* ScrollViewController.swift */,
				BFA0CBD61B7D2F6000CC8AE8 /* MyImageCollectionViewCell.swift */,
				BFA0CBBA1B7D2EE600CC8AE8 /* Images.xcassets */,
				BFA0CBB11B7D2EE600CC8AE8 /* Supporting Files */,
				BFA0CBE01B7D2F9500CC8AE8 /* SwiftExample-Bridging-Header.h */,
			);
			path = SwiftExample;
			sourceTree = "<group>";
		};
		BFA0CBB11B7D2EE600CC8AE8 /* Supporting Files */ = {
			isa = PBXGroup;
			children = (
				BFA0CBB31B7D2EE600CC8AE8 /* AppDelegate.swift */,
				BFA0CBEA1B7D35AA00CC8AE8 /* DragView2.xib */,
				BFA0CBE41B7D31FE00CC8AE8 /* Main.storyboard */,
				BFA0CBBC1B7D2EE600CC8AE8 /* LaunchScreen.xib */,
				BFA0CBB21B7D2EE600CC8AE8 /* Info.plist */,
			);
			name = "Supporting Files";
			sourceTree = "<group>";
		};
		BFA0CBC61B7D2EE600CC8AE8 /* SwiftExampleTests */ = {
			isa = PBXGroup;
			children = (
				BFA0CBC91B7D2EE600CC8AE8 /* SwiftExampleTests.swift */,
				BFA0CBC71B7D2EE600CC8AE8 /* Supporting Files */,
			);
			path = SwiftExampleTests;
			sourceTree = "<group>";
		};
		BFA0CBC71B7D2EE600CC8AE8 /* Supporting Files */ = {
			isa = PBXGroup;
			children = (
				BFA0CBC81B7D2EE600CC8AE8 /* Info.plist */,
			);
			name = "Supporting Files";
			sourceTree = "<group>";
		};
		BFA0CBE71B7D338300CC8AE8 /* XLSlidingContainer */ = {
			isa = PBXGroup;
			children = (
				BFA0CBE11B7D2F9500CC8AE8 /* XLSlidingContainerViewController.h */,
				BFA0CBE21B7D2F9500CC8AE8 /* XLSlidingContainerViewController.m */,
			);
			name = XLSlidingContainer;
			path = SwiftExample;
			sourceTree = "<group>";
		};
/* End PBXGroup section */

/* Begin PBXNativeTarget section */
		BFA0CBAD1B7D2EE600CC8AE8 /* SwiftExample */ = {
			isa = PBXNativeTarget;
			buildConfigurationList = BFA0CBCD1B7D2EE600CC8AE8 /* Build configuration list for PBXNativeTarget "SwiftExample" */;
			buildPhases = (
				BFA0CBAA1B7D2EE600CC8AE8 /* Sources */,
				BFA0CBAB1B7D2EE600CC8AE8 /* Frameworks */,
				BFA0CBAC1B7D2EE600CC8AE8 /* Resources */,
			);
			buildRules = (
			);
			dependencies = (
			);
			name = SwiftExample;
			productName = SwiftExample;
			productReference = BFA0CBAE1B7D2EE600CC8AE8 /* SwiftExample.app */;
			productType = "com.apple.product-type.application";
		};
		BFA0CBC21B7D2EE600CC8AE8 /* SwiftExampleTests */ = {
			isa = PBXNativeTarget;
			buildConfigurationList = BFA0CBD01B7D2EE600CC8AE8 /* Build configuration list for PBXNativeTarget "SwiftExampleTests" */;
			buildPhases = (
				BFA0CBBF1B7D2EE600CC8AE8 /* Sources */,
				BFA0CBC01B7D2EE600CC8AE8 /* Frameworks */,
				BFA0CBC11B7D2EE600CC8AE8 /* Resources */,
			);
			buildRules = (
			);
			dependencies = (
				BFA0CBC51B7D2EE600CC8AE8 /* PBXTargetDependency */,
			);
			name = SwiftExampleTests;
			productName = SwiftExampleTests;
			productReference = BFA0CBC31B7D2EE600CC8AE8 /* SwiftExampleTests.xctest */;
			productType = "com.apple.product-type.bundle.unit-test";
		};
/* End PBXNativeTarget section */

/* Begin PBXProject section */
		BFA0CBA61B7D2EE500CC8AE8 /* Project object */ = {
			isa = PBXProject;
			attributes = {
				LastUpgradeCheck = 0640;
				ORGANIZATIONNAME = Xmartlabs;
				TargetAttributes = {
					BFA0CBAD1B7D2EE600CC8AE8 = {
						CreatedOnToolsVersion = 6.4;
					};
					BFA0CBC21B7D2EE600CC8AE8 = {
						CreatedOnToolsVersion = 6.4;
						TestTargetID = BFA0CBAD1B7D2EE600CC8AE8;
					};
				};
			};
			buildConfigurationList = BFA0CBA91B7D2EE500CC8AE8 /* Build configuration list for PBXProject "SwiftExample" */;
			compatibilityVersion = "Xcode 3.2";
			developmentRegion = English;
			hasScannedForEncodings = 0;
			knownRegions = (
				en,
				Base,
			);
			mainGroup = BFA0CBA51B7D2EE500CC8AE8;
			productRefGroup = BFA0CBAF1B7D2EE600CC8AE8 /* Products */;
			projectDirPath = "";
			projectRoot = "";
			targets = (
				BFA0CBAD1B7D2EE600CC8AE8 /* SwiftExample */,
				BFA0CBC21B7D2EE600CC8AE8 /* SwiftExampleTests */,
			);
		};
/* End PBXProject section */

/* Begin PBXResourcesBuildPhase section */
		BFA0CBAC1B7D2EE600CC8AE8 /* Resources */ = {
			isa = PBXResourcesBuildPhase;
			buildActionMask = 2147483647;
			files = (
				BFA0CBE61B7D31FE00CC8AE8 /* Main.storyboard in Resources */,
				BFA0CBEB1B7D35AA00CC8AE8 /* DragView2.xib in Resources */,
				BFA0CBBE1B7D2EE600CC8AE8 /* LaunchScreen.xib in Resources */,
				BFA0CBBB1B7D2EE600CC8AE8 /* Images.xcassets in Resources */,
			);
			runOnlyForDeploymentPostprocessing = 0;
		};
		BFA0CBC11B7D2EE600CC8AE8 /* Resources */ = {
			isa = PBXResourcesBuildPhase;
			buildActionMask = 2147483647;
			files = (
			);
			runOnlyForDeploymentPostprocessing = 0;
		};
/* End PBXResourcesBuildPhase section */

/* Begin PBXSourcesBuildPhase section */
		BFA0CBAA1B7D2EE600CC8AE8 /* Sources */ = {
			isa = PBXSourcesBuildPhase;
			buildActionMask = 2147483647;
			files = (
				BFA0CBDC1B7D2F6000CC8AE8 /* MainController.swift in Sources */,
				BFA0CBE31B7D2F9500CC8AE8 /* XLSlidingContainerViewController.m in Sources */,
				BFA0CBDA1B7D2F6000CC8AE8 /* CollectionViewController.swift in Sources */,
				BFA0CBDF1B7D2F6000CC8AE8 /* ScrollViewController.swift in Sources */,
				BFA0CBDD1B7D2F6000CC8AE8 /* MyImageCollectionViewCell.swift in Sources */,
				BFA0CBB41B7D2EE600CC8AE8 /* AppDelegate.swift in Sources */,
			);
			runOnlyForDeploymentPostprocessing = 0;
		};
		BFA0CBBF1B7D2EE600CC8AE8 /* Sources */ = {
			isa = PBXSourcesBuildPhase;
			buildActionMask = 2147483647;
			files = (
				BFA0CBCA1B7D2EE600CC8AE8 /* SwiftExampleTests.swift in Sources */,
			);
			runOnlyForDeploymentPostprocessing = 0;
		};
/* End PBXSourcesBuildPhase section */

/* Begin PBXTargetDependency section */
		BFA0CBC51B7D2EE600CC8AE8 /* PBXTargetDependency */ = {
			isa = PBXTargetDependency;
			target = BFA0CBAD1B7D2EE600CC8AE8 /* SwiftExample */;
			targetProxy = BFA0CBC41B7D2EE600CC8AE8 /* PBXContainerItemProxy */;
		};
/* End PBXTargetDependency section */

/* Begin PBXVariantGroup section */
		BFA0CBBC1B7D2EE600CC8AE8 /* LaunchScreen.xib */ = {
			isa = PBXVariantGroup;
			children = (
				BFA0CBBD1B7D2EE600CC8AE8 /* Base */,
			);
			name = LaunchScreen.xib;
			sourceTree = "<group>";
		};
		BFA0CBE41B7D31FE00CC8AE8 /* Main.storyboard */ = {
			isa = PBXVariantGroup;
			children = (
				BFA0CBE51B7D31FE00CC8AE8 /* Base */,
			);
			name = Main.storyboard;
			path = ..;
			sourceTree = "<group>";
		};
/* End PBXVariantGroup section */

/* Begin XCBuildConfiguration section */
		BFA0CBCB1B7D2EE600CC8AE8 /* Debug */ = {
			isa = XCBuildConfiguration;
			buildSettings = {
				ALWAYS_SEARCH_USER_PATHS = NO;
				CLANG_CXX_LANGUAGE_STANDARD = "gnu++0x";
				CLANG_CXX_LIBRARY = "libc++";
				CLANG_ENABLE_MODULES = YES;
				CLANG_ENABLE_OBJC_ARC = YES;
				CLANG_WARN_BOOL_CONVERSION = YES;
				CLANG_WARN_CONSTANT_CONVERSION = YES;
				CLANG_WARN_DIRECT_OBJC_ISA_USAGE = YES_ERROR;
				CLANG_WARN_EMPTY_BODY = YES;
				CLANG_WARN_ENUM_CONVERSION = YES;
				CLANG_WARN_INT_CONVERSION = YES;
				CLANG_WARN_OBJC_ROOT_CLASS = YES_ERROR;
				CLANG_WARN_UNREACHABLE_CODE = YES;
				CLANG_WARN__DUPLICATE_METHOD_MATCH = YES;
				"CODE_SIGN_IDENTITY[sdk=iphoneos*]" = "iPhone Developer";
				COPY_PHASE_STRIP = NO;
				DEBUG_INFORMATION_FORMAT = "dwarf-with-dsym";
				ENABLE_STRICT_OBJC_MSGSEND = YES;
				GCC_C_LANGUAGE_STANDARD = gnu99;
				GCC_DYNAMIC_NO_PIC = NO;
				GCC_NO_COMMON_BLOCKS = YES;
				GCC_OPTIMIZATION_LEVEL = 0;
				GCC_PREPROCESSOR_DEFINITIONS = (
					"DEBUG=1",
					"$(inherited)",
				);
				GCC_SYMBOLS_PRIVATE_EXTERN = NO;
				GCC_WARN_64_TO_32_BIT_CONVERSION = YES;
				GCC_WARN_ABOUT_RETURN_TYPE = YES_ERROR;
				GCC_WARN_UNDECLARED_SELECTOR = YES;
				GCC_WARN_UNINITIALIZED_AUTOS = YES_AGGRESSIVE;
				GCC_WARN_UNUSED_FUNCTION = YES;
				GCC_WARN_UNUSED_VARIABLE = YES;
				IPHONEOS_DEPLOYMENT_TARGET = 8.4;
				MTL_ENABLE_DEBUG_INFO = YES;
				ONLY_ACTIVE_ARCH = YES;
				SDKROOT = iphoneos;
				SWIFT_OPTIMIZATION_LEVEL = "-Onone";
			};
			name = Debug;
		};
		BFA0CBCC1B7D2EE600CC8AE8 /* Release */ = {
			isa = XCBuildConfiguration;
			buildSettings = {
				ALWAYS_SEARCH_USER_PATHS = NO;
				CLANG_CXX_LANGUAGE_STANDARD = "gnu++0x";
				CLANG_CXX_LIBRARY = "libc++";
				CLANG_ENABLE_MODULES = YES;
				CLANG_ENABLE_OBJC_ARC = YES;
				CLANG_WARN_BOOL_CONVERSION = YES;
				CLANG_WARN_CONSTANT_CONVERSION = YES;
				CLANG_WARN_DIRECT_OBJC_ISA_USAGE = YES_ERROR;
				CLANG_WARN_EMPTY_BODY = YES;
				CLANG_WARN_ENUM_CONVERSION = YES;
				CLANG_WARN_INT_CONVERSION = YES;
				CLANG_WARN_OBJC_ROOT_CLASS = YES_ERROR;
				CLANG_WARN_UNREACHABLE_CODE = YES;
				CLANG_WARN__DUPLICATE_METHOD_MATCH = YES;
				"CODE_SIGN_IDENTITY[sdk=iphoneos*]" = "iPhone Developer";
				COPY_PHASE_STRIP = NO;
				DEBUG_INFORMATION_FORMAT = "dwarf-with-dsym";
				ENABLE_NS_ASSERTIONS = NO;
				ENABLE_STRICT_OBJC_MSGSEND = YES;
				GCC_C_LANGUAGE_STANDARD = gnu99;
				GCC_NO_COMMON_BLOCKS = YES;
				GCC_WARN_64_TO_32_BIT_CONVERSION = YES;
				GCC_WARN_ABOUT_RETURN_TYPE = YES_ERROR;
				GCC_WARN_UNDECLARED_SELECTOR = YES;
				GCC_WARN_UNINITIALIZED_AUTOS = YES_AGGRESSIVE;
				GCC_WARN_UNUSED_FUNCTION = YES;
				GCC_WARN_UNUSED_VARIABLE = YES;
				IPHONEOS_DEPLOYMENT_TARGET = 8.4;
				MTL_ENABLE_DEBUG_INFO = NO;
				SDKROOT = iphoneos;
				VALIDATE_PRODUCT = YES;
			};
			name = Release;
		};
		BFA0CBCE1B7D2EE600CC8AE8 /* Debug */ = {
			isa = XCBuildConfiguration;
			buildSettings = {
				ASSETCATALOG_COMPILER_APPICON_NAME = AppIcon;
				ASSETCATALOG_COMPILER_LAUNCHIMAGE_NAME = LaunchImage;
				CLANG_ENABLE_MODULES = YES;
				INFOPLIST_FILE = SwiftExample/Info.plist;
				LD_RUNPATH_SEARCH_PATHS = "$(inherited) @executable_path/Frameworks";
				PRODUCT_NAME = "$(TARGET_NAME)";
				SWIFT_OBJC_BRIDGING_HEADER = "SwiftExample/SwiftExample-Bridging-Header.h";
				SWIFT_OPTIMIZATION_LEVEL = "-Onone";
			};
			name = Debug;
		};
		BFA0CBCF1B7D2EE600CC8AE8 /* Release */ = {
			isa = XCBuildConfiguration;
			buildSettings = {
				ASSETCATALOG_COMPILER_APPICON_NAME = AppIcon;
				ASSETCATALOG_COMPILER_LAUNCHIMAGE_NAME = LaunchImage;
				CLANG_ENABLE_MODULES = YES;
				INFOPLIST_FILE = SwiftExample/Info.plist;
				LD_RUNPATH_SEARCH_PATHS = "$(inherited) @executable_path/Frameworks";
				PRODUCT_NAME = "$(TARGET_NAME)";
				SWIFT_OBJC_BRIDGING_HEADER = "SwiftExample/SwiftExample-Bridging-Header.h";
			};
			name = Release;
		};
		BFA0CBD11B7D2EE600CC8AE8 /* Debug */ = {
			isa = XCBuildConfiguration;
			buildSettings = {
				BUNDLE_LOADER = "$(TEST_HOST)";
				FRAMEWORK_SEARCH_PATHS = (
					"$(SDKROOT)/Developer/Library/Frameworks",
					"$(inherited)",
				);
				GCC_PREPROCESSOR_DEFINITIONS = (
					"DEBUG=1",
					"$(inherited)",
				);
				INFOPLIST_FILE = SwiftExampleTests/Info.plist;
				LD_RUNPATH_SEARCH_PATHS = "$(inherited) @executable_path/Frameworks @loader_path/Frameworks";
				PRODUCT_NAME = "$(TARGET_NAME)";
				TEST_HOST = "$(BUILT_PRODUCTS_DIR)/SwiftExample.app/SwiftExample";
			};
			name = Debug;
		};
		BFA0CBD21B7D2EE600CC8AE8 /* Release */ = {
			isa = XCBuildConfiguration;
			buildSettings = {
				BUNDLE_LOADER = "$(TEST_HOST)";
				FRAMEWORK_SEARCH_PATHS = (
					"$(SDKROOT)/Developer/Library/Frameworks",
					"$(inherited)",
				);
				INFOPLIST_FILE = SwiftExampleTests/Info.plist;
				LD_RUNPATH_SEARCH_PATHS = "$(inherited) @executable_path/Frameworks @loader_path/Frameworks";
				PRODUCT_NAME = "$(TARGET_NAME)";
				TEST_HOST = "$(BUILT_PRODUCTS_DIR)/SwiftExample.app/SwiftExample";
			};
			name = Release;
		};
/* End XCBuildConfiguration section */

/* Begin XCConfigurationList section */
		BFA0CBA91B7D2EE500CC8AE8 /* Build configuration list for PBXProject "SwiftExample" */ = {
			isa = XCConfigurationList;
			buildConfigurations = (
				BFA0CBCB1B7D2EE600CC8AE8 /* Debug */,
				BFA0CBCC1B7D2EE600CC8AE8 /* Release */,
			);
			defaultConfigurationIsVisible = 0;
			defaultConfigurationName = Release;
		};
		BFA0CBCD1B7D2EE600CC8AE8 /* Build configuration list for PBXNativeTarget "SwiftExample" */ = {
			isa = XCConfigurationList;
			buildConfigurations = (
				BFA0CBCE1B7D2EE600CC8AE8 /* Debug */,
				BFA0CBCF1B7D2EE600CC8AE8 /* Release */,
			);
			defaultConfigurationIsVisible = 0;
			defaultConfigurationName = Release;
		};
		BFA0CBD01B7D2EE600CC8AE8 /* Build configuration list for PBXNativeTarget "SwiftExampleTests" */ = {
			isa = XCConfigurationList;
			buildConfigurations = (
				BFA0CBD11B7D2EE600CC8AE8 /* Debug */,
				BFA0CBD21B7D2EE600CC8AE8 /* Release */,
			);
			defaultConfigurationIsVisible = 0;
			defaultConfigurationName = Release;
		};
/* End XCConfigurationList section */
	};
	rootObject = BFA0CBA61B7D2EE500CC8AE8 /* Project object */;
}
